// !$*UTF8*$!
{
	archiveVersion = 1;
	classes = {
	};
	objectVersion = 50;
	objects = {

/* Begin PBXBuildFile section */
		A9A83DD2214144C300327E21 /* AppDelegate.swift in Sources */ = {isa = PBXBuildFile; fileRef = A9A83DD1214144C300327E21 /* AppDelegate.swift */; };
		A9A83DD4214144C300327E21 /* ViewController.swift in Sources */ = {isa = PBXBuildFile; fileRef = A9A83DD3214144C300327E21 /* ViewController.swift */; };
		A9A83DD7214144C300327E21 /* Main.storyboard in Resources */ = {isa = PBXBuildFile; fileRef = A9A83DD5214144C300327E21 /* Main.storyboard */; };
		A9A83DD9214144C300327E21 /* Assets.xcassets in Resources */ = {isa = PBXBuildFile; fileRef = A9A83DD8214144C300327E21 /* Assets.xcassets */; };
		A9A83DDC214144C300327E21 /* LaunchScreen.storyboard in Resources */ = {isa = PBXBuildFile; fileRef = A9A83DDA214144C300327E21 /* LaunchScreen.storyboard */; };
		A9A83DE7214144C400327E21 /* ImagePickerTests.swift in Sources */ = {isa = PBXBuildFile; fileRef = A9A83DE6214144C400327E21 /* ImagePickerTests.swift */; };
		A9A83DF2214144C400327E21 /* ImagePickerUITests.swift in Sources */ = {isa = PBXBuildFile; fileRef = A9A83DF1214144C400327E21 /* ImagePickerUITests.swift */; };
		A9FC72C32148419700690312 /* TextInputDelegate.swift in Sources */ = {isa = PBXBuildFile; fileRef = A9FC72C22148419700690312 /* TextInputDelegate.swift */; };
/* End PBXBuildFile section */

/* Begin PBXContainerItemProxy section */
		A9A83DE3214144C400327E21 /* PBXContainerItemProxy */ = {
			isa = PBXContainerItemProxy;
			containerPortal = A9A83DC6214144C300327E21 /* Project object */;
			proxyType = 1;
			remoteGlobalIDString = A9A83DCD214144C300327E21;
			remoteInfo = ImagePicker;
		};
		A9A83DEE214144C400327E21 /* PBXContainerItemProxy */ = {
			isa = PBXContainerItemProxy;
			containerPortal = A9A83DC6214144C300327E21 /* Project object */;
			proxyType = 1;
			remoteGlobalIDString = A9A83DCD214144C300327E21;
			remoteInfo = ImagePicker;
		};
/* End PBXContainerItemProxy section */

/* Begin PBXFileReference section */
		A9A83DCE214144C300327E21 /* ImagePicker.app */ = {isa = PBXFileReference; explicitFileType = wrapper.application; includeInIndex = 0; path = ImagePicker.app; sourceTree = BUILT_PRODUCTS_DIR; };
		A9A83DD1214144C300327E21 /* AppDelegate.swift */ = {isa = PBXFileReference; lastKnownFileType = sourcecode.swift; path = AppDelegate.swift; sourceTree = "<group>"; };
		A9A83DD3214144C300327E21 /* ViewController.swift */ = {isa = PBXFileReference; lastKnownFileType = sourcecode.swift; path = ViewController.swift; sourceTree = "<group>"; };
		A9A83DD6214144C300327E21 /* Base */ = {isa = PBXFileReference; lastKnownFileType = file.storyboard; name = Base; path = Base.lproj/Main.storyboard; sourceTree = "<group>"; };
		A9A83DD8214144C300327E21 /* Assets.xcassets */ = {isa = PBXFileReference; lastKnownFileType = folder.assetcatalog; path = Assets.xcassets; sourceTree = "<group>"; };
		A9A83DDB214144C300327E21 /* Base */ = {isa = PBXFileReference; lastKnownFileType = file.storyboard; name = Base; path = Base.lproj/LaunchScreen.storyboard; sourceTree = "<group>"; };
		A9A83DDD214144C300327E21 /* Info.plist */ = {isa = PBXFileReference; lastKnownFileType = text.plist.xml; path = Info.plist; sourceTree = "<group>"; };
		A9A83DE2214144C400327E21 /* ImagePickerTests.xctest */ = {isa = PBXFileReference; explicitFileType = wrapper.cfbundle; includeInIndex = 0; path = ImagePickerTests.xctest; sourceTree = BUILT_PRODUCTS_DIR; };
		A9A83DE6214144C400327E21 /* ImagePickerTests.swift */ = {isa = PBXFileReference; lastKnownFileType = sourcecode.swift; path = ImagePickerTests.swift; sourceTree = "<group>"; };
		A9A83DE8214144C400327E21 /* Info.plist */ = {isa = PBXFileReference; lastKnownFileType = text.plist.xml; path = Info.plist; sourceTree = "<group>"; };
		A9A83DED214144C400327E21 /* ImagePickerUITests.xctest */ = {isa = PBXFileReference; explicitFileType = wrapper.cfbundle; includeInIndex = 0; path = ImagePickerUITests.xctest; sourceTree = BUILT_PRODUCTS_DIR; };
		A9A83DF1214144C400327E21 /* ImagePickerUITests.swift */ = {isa = PBXFileReference; lastKnownFileType = sourcecode.swift; path = ImagePickerUITests.swift; sourceTree = "<group>"; };
		A9A83DF3214144C400327E21 /* Info.plist */ = {isa = PBXFileReference; lastKnownFileType = text.plist.xml; path = Info.plist; sourceTree = "<group>"; };
		A9FC72C22148419700690312 /* TextInputDelegate.swift */ = {isa = PBXFileReference; lastKnownFileType = sourcecode.swift; path = TextInputDelegate.swift; sourceTree = "<group>"; };
/* End PBXFileReference section */

/* Begin PBXFrameworksBuildPhase section */
		A9A83DCB214144C300327E21 /* Frameworks */ = {
			isa = PBXFrameworksBuildPhase;
			buildActionMask = 2147483647;
			files = (
			);
			runOnlyForDeploymentPostprocessing = 0;
		};
		A9A83DDF214144C400327E21 /* Frameworks */ = {
			isa = PBXFrameworksBuildPhase;
			buildActionMask = 2147483647;
			files = (
			);
			runOnlyForDeploymentPostprocessing = 0;
		};
		A9A83DEA214144C400327E21 /* Frameworks */ = {
			isa = PBXFrameworksBuildPhase;
			buildActionMask = 2147483647;
			files = (
			);
			runOnlyForDeploymentPostprocessing = 0;
		};
/* End PBXFrameworksBuildPhase section */

/* Begin PBXGroup section */
		A9A83DC5214144C300327E21 = {
			isa = PBXGroup;
			children = (
				A9A83DD0214144C300327E21 /* ImagePicker */,
				A9A83DE5214144C400327E21 /* ImagePickerTests */,
				A9A83DF0214144C400327E21 /* ImagePickerUITests */,
				A9A83DCF214144C300327E21 /* Products */,
			);
			sourceTree = "<group>";
		};
		A9A83DCF214144C300327E21 /* Products */ = {
			isa = PBXGroup;
			children = (
				A9A83DCE214144C300327E21 /* ImagePicker.app */,
				A9A83DE2214144C400327E21 /* ImagePickerTests.xctest */,
				A9A83DED214144C400327E21 /* ImagePickerUITests.xctest */,
			);
			name = Products;
			sourceTree = "<group>";
		};
		A9A83DD0214144C300327E21 /* ImagePicker */ = {
			isa = PBXGroup;
			children = (
				A9A83DD1214144C300327E21 /* AppDelegate.swift */,
				A9A83DD3214144C300327E21 /* ViewController.swift */,
				A9FC72C22148419700690312 /* TextInputDelegate.swift */,
				A9A83DD5214144C300327E21 /* Main.storyboard */,
				A9A83DD8214144C300327E21 /* Assets.xcassets */,
				A9A83DDA214144C300327E21 /* LaunchScreen.storyboard */,
				A9A83DDD214144C300327E21 /* Info.plist */,
			);
			path = ImagePicker;
			sourceTree = "<group>";
		};
		A9A83DE5214144C400327E21 /* ImagePickerTests */ = {
			isa = PBXGroup;
			children = (
				A9A83DE6214144C400327E21 /* ImagePickerTests.swift */,
				A9A83DE8214144C400327E21 /* Info.plist */,
			);
			path = ImagePickerTests;
			sourceTree = "<group>";
		};
		A9A83DF0214144C400327E21 /* ImagePickerUITests */ = {
			isa = PBXGroup;
			children = (
				A9A83DF1214144C400327E21 /* ImagePickerUITests.swift */,
				A9A83DF3214144C400327E21 /* Info.plist */,
			);
			path = ImagePickerUITests;
			sourceTree = "<group>";
		};
/* End PBXGroup section */

/* Begin PBXNativeTarget section */
		A9A83DCD214144C300327E21 /* ImagePicker */ = {
			isa = PBXNativeTarget;
			buildConfigurationList = A9A83DF6214144C400327E21 /* Build configuration list for PBXNativeTarget "ImagePicker" */;
			buildPhases = (
				A9A83DCA214144C300327E21 /* Sources */,
				A9A83DCB214144C300327E21 /* Frameworks */,
				A9A83DCC214144C300327E21 /* Resources */,
			);
			buildRules = (
			);
			dependencies = (
			);
			name = ImagePicker;
			productName = ImagePicker;
			productReference = A9A83DCE214144C300327E21 /* ImagePicker.app */;
			productType = "com.apple.product-type.application";
		};
		A9A83DE1214144C400327E21 /* ImagePickerTests */ = {
			isa = PBXNativeTarget;
			buildConfigurationList = A9A83DF9214144C400327E21 /* Build configuration list for PBXNativeTarget "ImagePickerTests" */;
			buildPhases = (
				A9A83DDE214144C400327E21 /* Sources */,
				A9A83DDF214144C400327E21 /* Frameworks */,
				A9A83DE0214144C400327E21 /* Resources */,
			);
			buildRules = (
			);
			dependencies = (
				A9A83DE4214144C400327E21 /* PBXTargetDependency */,
			);
			name = ImagePickerTests;
			productName = ImagePickerTests;
			productReference = A9A83DE2214144C400327E21 /* ImagePickerTests.xctest */;
			productType = "com.apple.product-type.bundle.unit-test";
		};
		A9A83DEC214144C400327E21 /* ImagePickerUITests */ = {
			isa = PBXNativeTarget;
			buildConfigurationList = A9A83DFC214144C400327E21 /* Build configuration list for PBXNativeTarget "ImagePickerUITests" */;
			buildPhases = (
				A9A83DE9214144C400327E21 /* Sources */,
				A9A83DEA214144C400327E21 /* Frameworks */,
				A9A83DEB214144C400327E21 /* Resources */,
			);
			buildRules = (
			);
			dependencies = (
				A9A83DEF214144C400327E21 /* PBXTargetDependency */,
			);
			name = ImagePickerUITests;
			productName = ImagePickerUITests;
			productReference = A9A83DED214144C400327E21 /* ImagePickerUITests.xctest */;
			productType = "com.apple.product-type.bundle.ui-testing";
		};
/* End PBXNativeTarget section */

/* Begin PBXProject section */
		A9A83DC6214144C300327E21 /* Project object */ = {
			isa = PBXProject;
			attributes = {
				LastSwiftUpdateCheck = 0940;
				LastUpgradeCheck = 0940;
				ORGANIZATIONNAME = "Peter Pohlmann";
				TargetAttributes = {
					A9A83DCD214144C300327E21 = {
						CreatedOnToolsVersion = 9.4.1;
					};
					A9A83DE1214144C400327E21 = {
						CreatedOnToolsVersion = 9.4.1;
						TestTargetID = A9A83DCD214144C300327E21;
					};
					A9A83DEC214144C400327E21 = {
						CreatedOnToolsVersion = 9.4.1;
						TestTargetID = A9A83DCD214144C300327E21;
					};
				};
			};
			buildConfigurationList = A9A83DC9214144C300327E21 /* Build configuration list for PBXProject "ImagePicker" */;
			compatibilityVersion = "Xcode 9.3";
			developmentRegion = en;
			hasScannedForEncodings = 0;
			knownRegions = (
				en,
				Base,
			);
			mainGroup = A9A83DC5214144C300327E21;
			productRefGroup = A9A83DCF214144C300327E21 /* Products */;
			projectDirPath = "";
			projectRoot = "";
			targets = (
				A9A83DCD214144C300327E21 /* ImagePicker */,
				A9A83DE1214144C400327E21 /* ImagePickerTests */,
				A9A83DEC214144C400327E21 /* ImagePickerUITests */,
			);
		};
/* End PBXProject section */

/* Begin PBXResourcesBuildPhase section */
		A9A83DCC214144C300327E21 /* Resources */ = {
			isa = PBXResourcesBuildPhase;
			buildActionMask = 2147483647;
			files = (
				A9A83DDC214144C300327E21 /* LaunchScreen.storyboard in Resources */,
				A9A83DD9214144C300327E21 /* Assets.xcassets in Resources */,
				A9A83DD7214144C300327E21 /* Main.storyboard in Resources */,
			);
			runOnlyForDeploymentPostprocessing = 0;
		};
		A9A83DE0214144C400327E21 /* Resources */ = {
			isa = PBXResourcesBuildPhase;
			buildActionMask = 2147483647;
			files = (
			);
			runOnlyForDeploymentPostprocessing = 0;
		};
		A9A83DEB214144C400327E21 /* Resources */ = {
			isa = PBXResourcesBuildPhase;
			buildActionMask = 2147483647;
			files = (
			);
			runOnlyForDeploymentPostprocessing = 0;
		};
/* End PBXResourcesBuildPhase section */

/* Begin PBXSourcesBuildPhase section */
		A9A83DCA214144C300327E21 /* Sources */ = {
			isa = PBXSourcesBuildPhase;
			buildActionMask = 2147483647;
			files = (
				A9FC72C32148419700690312 /* TextInputDelegate.swift in Sources */,
				A9A83DD4214144C300327E21 /* ViewController.swift in Sources */,
				A9A83DD2214144C300327E21 /* AppDelegate.swift in Sources */,
			);
			runOnlyForDeploymentPostprocessing = 0;
		};
		A9A83DDE214144C400327E21 /* Sources */ = {
			isa = PBXSourcesBuildPhase;
			buildActionMask = 2147483647;
			files = (
				A9A83DE7214144C400327E21 /* ImagePickerTests.swift in Sources */,
			);
			runOnlyForDeploymentPostprocessing = 0;
		};
		A9A83DE9214144C400327E21 /* Sources */ = {
			isa = PBXSourcesBuildPhase;
			buildActionMask = 2147483647;
			files = (
				A9A83DF2214144C400327E21 /* ImagePickerUITests.swift in Sources */,
			);
			runOnlyForDeploymentPostprocessing = 0;
		};
/* End PBXSourcesBuildPhase section */

/* Begin PBXTargetDependency section */
		A9A83DE4214144C400327E21 /* PBXTargetDependency */ = {
			isa = PBXTargetDependency;
			target = A9A83DCD214144C300327E21 /* ImagePicker */;
			targetProxy = A9A83DE3214144C400327E21 /* PBXContainerItemProxy */;
		};
		A9A83DEF214144C400327E21 /* PBXTargetDependency */ = {
			isa = PBXTargetDependency;
			target = A9A83DCD214144C300327E21 /* ImagePicker */;
			targetProxy = A9A83DEE214144C400327E21 /* PBXContainerItemProxy */;
		};
/* End PBXTargetDependency section */

/* Begin PBXVariantGroup section */
		A9A83DD5214144C300327E21 /* Main.storyboard */ = {
			isa = PBXVariantGroup;
			children = (
				A9A83DD6214144C300327E21 /* Base */,
			);
			name = Main.storyboard;
			sourceTree = "<group>";
		};
		A9A83DDA214144C300327E21 /* LaunchScreen.storyboard */ = {
			isa = PBXVariantGroup;
			children = (
				A9A83DDB214144C300327E21 /* Base */,
			);
			name = LaunchScreen.storyboard;
			sourceTree = "<group>";
		};
/* End PBXVariantGroup section */

/* Begin XCBuildConfiguration section */
		A9A83DF4214144C400327E21 /* Debug */ = {
			isa = XCBuildConfiguration;
			buildSettings = {
				ALWAYS_SEARCH_USER_PATHS = NO;
				CLANG_ANALYZER_NONNULL = YES;
				CLANG_ANALYZER_NUMBER_OBJECT_CONVERSION = YES_AGGRESSIVE;
				CLANG_CXX_LANGUAGE_STANDARD = "gnu++14";
				CLANG_CXX_LIBRARY = "libc++";
				CLANG_ENABLE_MODULES = YES;
				CLANG_ENABLE_OBJC_ARC = YES;
				CLANG_ENABLE_OBJC_WEAK = YES;
				CLANG_WARN_BLOCK_CAPTURE_AUTORELEASING = YES;
				CLANG_WARN_BOOL_CONVERSION = YES;
				CLANG_WARN_COMMA = YES;
				CLANG_WARN_CONSTANT_CONVERSION = YES;
				CLANG_WARN_DEPRECATED_OBJC_IMPLEMENTATIONS = YES;
				CLANG_WARN_DIRECT_OBJC_ISA_USAGE = YES_ERROR;
				CLANG_WARN_DOCUMENTATION_COMMENTS = YES;
				CLANG_WARN_EMPTY_BODY = YES;
				CLANG_WARN_ENUM_CONVERSION = YES;
				CLANG_WARN_INFINITE_RECURSION = YES;
				CLANG_WARN_INT_CONVERSION = YES;
				CLANG_WARN_NON_LITERAL_NULL_CONVERSION = YES;
				CLANG_WARN_OBJC_IMPLICIT_RETAIN_SELF = YES;
				CLANG_WARN_OBJC_LITERAL_CONVERSION = YES;
				CLANG_WARN_OBJC_ROOT_CLASS = YES_ERROR;
				CLANG_WARN_RANGE_LOOP_ANALYSIS = YES;
				CLANG_WARN_STRICT_PROTOTYPES = YES;
				CLANG_WARN_SUSPICIOUS_MOVE = YES;
				CLANG_WARN_UNGUARDED_AVAILABILITY = YES_AGGRESSIVE;
				CLANG_WARN_UNREACHABLE_CODE = YES;
				CLANG_WARN__DUPLICATE_METHOD_MATCH = YES;
				CODE_SIGN_IDENTITY = "iPhone Developer";
				COPY_PHASE_STRIP = NO;
				DEBUG_INFORMATION_FORMAT = dwarf;
				ENABLE_STRICT_OBJC_MSGSEND = YES;
				ENABLE_TESTABILITY = YES;
				GCC_C_LANGUAGE_STANDARD = gnu11;
				GCC_DYNAMIC_NO_PIC = NO;
				GCC_NO_COMMON_BLOCKS = YES;
				GCC_OPTIMIZATION_LEVEL = 0;
				GCC_PREPROCESSOR_DEFINITIONS = (
					"DEBUG=1",
					"$(inherited)",
				);
				GCC_WARN_64_TO_32_BIT_CONVERSION = YES;
				GCC_WARN_ABOUT_RETURN_TYPE = YES_ERROR;
				GCC_WARN_UNDECLARED_SELECTOR = YES;
				GCC_WARN_UNINITIALIZED_AUTOS = YES_AGGRESSIVE;
				GCC_WARN_UNUSED_FUNCTION = YES;
				GCC_WARN_UNUSED_VARIABLE = YES;
				IPHONEOS_DEPLOYMENT_TARGET = 11.4;
				MTL_ENABLE_DEBUG_INFO = YES;
				ONLY_ACTIVE_ARCH = YES;
				SDKROOT = iphoneos;
				SWIFT_ACTIVE_COMPILATION_CONDITIONS = DEBUG;
				SWIFT_OPTIMIZATION_LEVEL = "-Onone";
			};
			name = Debug;
		};
		A9A83DF5214144C400327E21 /* Release */ = {
			isa = XCBuildConfiguration;
			buildSettings = {
				ALWAYS_SEARCH_USER_PATHS = NO;
				CLANG_ANALYZER_NONNULL = YES;
				CLANG_ANALYZER_NUMBER_OBJECT_CONVERSION = YES_AGGRESSIVE;
				CLANG_CXX_LANGUAGE_STANDARD = "gnu++14";
				CLANG_CXX_LIBRARY = "libc++";
				CLANG_ENABLE_MODULES = YES;
				CLANG_ENABLE_OBJC_ARC = YES;
				CLANG_ENABLE_OBJC_WEAK = YES;
				CLANG_WARN_BLOCK_CAPTURE_AUTORELEASING = YES;
				CLANG_WARN_BOOL_CONVERSION = YES;
				CLANG_WARN_COMMA = YES;
				CLANG_WARN_CONSTANT_CONVERSION = YES;
				CLANG_WARN_DEPRECATED_OBJC_IMPLEMENTATIONS = YES;
				CLANG_WARN_DIRECT_OBJC_ISA_USAGE = YES_ERROR;
				CLANG_WARN_DOCUMENTATION_COMMENTS = YES;
				CLANG_WARN_EMPTY_BODY = YES;
				CLANG_WARN_ENUM_CONVERSION = YES;
				CLANG_WARN_INFINITE_RECURSION = YES;
				CLANG_WARN_INT_CONVERSION = YES;
				CLANG_WARN_NON_LITERAL_NULL_CONVERSION = YES;
				CLANG_WARN_OBJC_IMPLICIT_RETAIN_SELF = YES;
				CLANG_WARN_OBJC_LITERAL_CONVERSION = YES;
				CLANG_WARN_OBJC_ROOT_CLASS = YES_ERROR;
				CLANG_WARN_RANGE_LOOP_ANALYSIS = YES;
				CLANG_WARN_STRICT_PROTOTYPES = YES;
				CLANG_WARN_SUSPICIOUS_MOVE = YES;
				CLANG_WARN_UNGUARDED_AVAILABILITY = YES_AGGRESSIVE;
				CLANG_WARN_UNREACHABLE_CODE = YES;
				CLANG_WARN__DUPLICATE_METHOD_MATCH = YES;
				CODE_SIGN_IDENTITY = "iPhone Developer";
				COPY_PHASE_STRIP = NO;
				DEBUG_INFORMATION_FORMAT = "dwarf-with-dsym";
				ENABLE_NS_ASSERTIONS = NO;
				ENABLE_STRICT_OBJC_MSGSEND = YES;
				GCC_C_LANGUAGE_STANDARD = gnu11;
				GCC_NO_COMMON_BLOCKS = YES;
				GCC_WARN_64_TO_32_BIT_CONVERSION = YES;
				GCC_WARN_ABOUT_RETURN_TYPE = YES_ERROR;
				GCC_WARN_UNDECLARED_SELECTOR = YES;
				GCC_WARN_UNINITIALIZED_AUTOS = YES_AGGRESSIVE;
				GCC_WARN_UNUSED_FUNCTION = YES;
				GCC_WARN_UNUSED_VARIABLE = YES;
				IPHONEOS_DEPLOYMENT_TARGET = 11.4;
				MTL_ENABLE_DEBUG_INFO = NO;
				SDKROOT = iphoneos;
				SWIFT_COMPILATION_MODE = wholemodule;
				SWIFT_OPTIMIZATION_LEVEL = "-O";
				VALIDATE_PRODUCT = YES;
			};
			name = Release;
		};
		A9A83DF7214144C400327E21 /* Debug */ = {
			isa = XCBuildConfiguration;
			buildSettings = {
				ASSETCATALOG_COMPILER_APPICON_NAME = AppIcon;
				CODE_SIGN_STYLE = Automatic;
				DEVELOPMENT_TEAM = 4RGRETYKQ9;
				INFOPLIST_FILE = ImagePicker/Info.plist;
				LD_RUNPATH_SEARCH_PATHS = (
					"$(inherited)",
					"@executable_path/Frameworks",
				);
				PRODUCT_BUNDLE_IDENTIFIER = solare.io.ImagePicker;
				PRODUCT_NAME = "$(TARGET_NAME)";
				SWIFT_VERSION = 4.0;
				TARGETED_DEVICE_FAMILY = "1,2";
			};
			name = Debug;
		};
		A9A83DF8214144C400327E21 /* Release */ = {
			isa = XCBuildConfiguration;
			buildSettings = {
				ASSETCATALOG_COMPILER_APPICON_NAME = AppIcon;
				CODE_SIGN_STYLE = Automatic;
				DEVELOPMENT_TEAM = 4RGRETYKQ9;
				INFOPLIST_FILE = ImagePicker/Info.plist;
				LD_RUNPATH_SEARCH_PATHS = (
					"$(inherited)",
					"@executable_path/Frameworks",
				);
				PRODUCT_BUNDLE_IDENTIFIER = solare.io.ImagePicker;
				PRODUCT_NAME = "$(TARGET_NAME)";
				SWIFT_VERSION = 4.0;
				TARGETED_DEVICE_FAMILY = "1,2";
			};
			name = Release;
		};
		A9A83DFA214144C400327E21 /* Debug */ = {
			isa = XCBuildConfiguration;
			buildSettings = {
				ALWAYS_EMBED_SWIFT_STANDARD_LIBRARIES = YES;
				BUNDLE_LOADER = "$(TEST_HOST)";
				CODE_SIGN_STYLE = Automatic;
				DEVELOPMENT_TEAM = 4RGRETYKQ9;
				INFOPLIST_FILE = ImagePickerTests/Info.plist;
				LD_RUNPATH_SEARCH_PATHS = (
					"$(inherited)",
					"@executable_path/Frameworks",
					"@loader_path/Frameworks",
				);
				PRODUCT_BUNDLE_IDENTIFIER = solare.io.ImagePickerTests;
				PRODUCT_NAME = "$(TARGET_NAME)";
				SWIFT_VERSION = 4.0;
				TARGETED_DEVICE_FAMILY = "1,2";
				TEST_HOST = "$(BUILT_PRODUCTS_DIR)/ImagePicker.app/ImagePicker";
			};
			name = Debug;
		};
		A9A83DFB214144C400327E21 /* Release */ = {
			isa = XCBuildConfiguration;
			buildSettings = {
				ALWAYS_EMBED_SWIFT_STANDARD_LIBRARIES = YES;
				BUNDLE_LOADER = "$(TEST_HOST)";
				CODE_SIGN_STYLE = Automatic;
				DEVELOPMENT_TEAM = 4RGRETYKQ9;
				INFOPLIST_FILE = ImagePickerTests/Info.plist;
				LD_RUNPATH_SEARCH_PATHS = (
					"$(inherited)",
					"@executable_path/Frameworks",
					"@loader_path/Frameworks",
				);
				PRODUCT_BUNDLE_IDENTIFIER = solare.io.ImagePickerTests;
				PRODUCT_NAME = "$(TARGET_NAME)";
				SWIFT_VERSION = 4.0;
				TARGETED_DEVICE_FAMILY = "1,2";
				TEST_HOST = "$(BUILT_PRODUCTS_DIR)/ImagePicker.app/ImagePicker";
			};
			name = Release;
		};
		A9A83DFD214144C400327E21 /* Debug */ = {
			isa = XCBuildConfiguration;
			buildSettings = {
				ALWAYS_EMBED_SWIFT_STANDARD_LIBRARIES = YES;
				CODE_SIGN_STYLE = Automatic;
				DEVELOPMENT_TEAM = 4RGRETYKQ9;
				INFOPLIST_FILE = ImagePickerUITests/Info.plist;
				LD_RUNPATH_SEARCH_PATHS = (
					"$(inherited)",
					"@executable_path/Frameworks",
					"@loader_path/Frameworks",
				);
				PRODUCT_BUNDLE_IDENTIFIER = solare.io.ImagePickerUITests;
				PRODUCT_NAME = "$(TARGET_NAME)";
				SWIFT_VERSION = 4.0;
				TARGETED_DEVICE_FAMILY = "1,2";
				TEST_TARGET_NAME = ImagePicker;
			};
			name = Debug;
		};
		A9A83DFE214144C400327E21 /* Release */ = {
			isa = XCBuildConfiguration;
			buildSettings = {
				ALWAYS_EMBED_SWIFT_STANDARD_LIBRARIES = YES;
				CODE_SIGN_STYLE = Automatic;
				DEVELOPMENT_TEAM = 4RGRETYKQ9;
				INFOPLIST_FILE = ImagePickerUITests/Info.plist;
				LD_RUNPATH_SEARCH_PATHS = (
					"$(inherited)",
					"@executable_path/Frameworks",
					"@loader_path/Frameworks",
				);
				PRODUCT_BUNDLE_IDENTIFIER = solare.io.ImagePickerUITests;
				PRODUCT_NAME = "$(TARGET_NAME)";
				SWIFT_VERSION = 4.0;
				TARGETED_DEVICE_FAMILY = "1,2";
				TEST_TARGET_NAME = ImagePicker;
			};
			name = Release;
		};
/* End XCBuildConfiguration section */

/* Begin XCConfigurationList section */
		A9A83DC9214144C300327E21 /* Build configuration list for PBXProject "ImagePicker" */ = {
			isa = XCConfigurationList;
			buildConfigurations = (
				A9A83DF4214144C400327E21 /* Debug */,
				A9A83DF5214144C400327E21 /* Release */,
			);
			defaultConfigurationIsVisible = 0;
			defaultConfigurationName = Release;
		};
		A9A83DF6214144C400327E21 /* Build configuration list for PBXNativeTarget "ImagePicker" */ = {
			isa = XCConfigurationList;
			buildConfigurations = (
				A9A83DF7214144C400327E21 /* Debug */,
				A9A83DF8214144C400327E21 /* Release */,
			);
			defaultConfigurationIsVisible = 0;
			defaultConfigurationName = Release;
		};
		A9A83DF9214144C400327E21 /* Build configuration list for PBXNativeTarget "ImagePickerTests" */ = {
			isa = XCConfigurationList;
			buildConfigurations = (
				A9A83DFA214144C400327E21 /* Debug */,
				A9A83DFB214144C400327E21 /* Release */,
			);
			defaultConfigurationIsVisible = 0;
			defaultConfigurationName = Release;
		};
		A9A83DFC214144C400327E21 /* Build configuration list for PBXNativeTarget "ImagePickerUITests" */ = {
			isa = XCConfigurationList;
			buildConfigurations = (
				A9A83DFD214144C400327E21 /* Debug */,
				A9A83DFE214144C400327E21 /* Release */,
			);
			defaultConfigurationIsVisible = 0;
			defaultConfigurationName = Release;
		};
/* End XCConfigurationList section */
	};
	rootObject = A9A83DC6214144C300327E21 /* Project object */;
}
