// !$*UTF8*$!
{
	archiveVersion = 1;
	classes = {
	};
	objectVersion = 50;
	objects = {

/* Begin PBXBuildFile section */
		A92193FA2335298200E783FA /* AppDelegate.swift in Sources */ = {isa = PBXBuildFile; fileRef = A92193F92335298200E783FA /* AppDelegate.swift */; };
		A92193FC2335298200E783FA /* SceneDelegate.swift in Sources */ = {isa = PBXBuildFile; fileRef = A92193FB2335298200E783FA /* SceneDelegate.swift */; };
		A92193FE2335298200E783FA /* ContentView.swift in Sources */ = {isa = PBXBuildFile; fileRef = A92193FD2335298200E783FA /* ContentView.swift */; };
		A92194002335298300E783FA /* Assets.xcassets in Resources */ = {isa = PBXBuildFile; fileRef = A92193FF2335298300E783FA /* Assets.xcassets */; };
		A92194032335298300E783FA /* Preview Assets.xcassets in Resources */ = {isa = PBXBuildFile; fileRef = A92194022335298300E783FA /* Preview Assets.xcassets */; };
		A92194062335298300E783FA /* LaunchScreen.storyboard in Resources */ = {isa = PBXBuildFile; fileRef = A92194042335298300E783FA /* LaunchScreen.storyboard */; };
		A92194112335298400E783FA /* xxTests.swift in Sources */ = {isa = PBXBuildFile; fileRef = A92194102335298400E783FA /* xxTests.swift */; };
		A921941C2335298400E783FA /* xxUITests.swift in Sources */ = {isa = PBXBuildFile; fileRef = A921941B2335298400E783FA /* xxUITests.swift */; };
/* End PBXBuildFile section */

/* Begin PBXContainerItemProxy section */
		A921940D2335298400E783FA /* PBXContainerItemProxy */ = {
			isa = PBXContainerItemProxy;
			containerPortal = A92193EE2335298200E783FA /* Project object */;
			proxyType = 1;
			remoteGlobalIDString = A92193F52335298200E783FA;
			remoteInfo = xx;
		};
		A92194182335298400E783FA /* PBXContainerItemProxy */ = {
			isa = PBXContainerItemProxy;
			containerPortal = A92193EE2335298200E783FA /* Project object */;
			proxyType = 1;
			remoteGlobalIDString = A92193F52335298200E783FA;
			remoteInfo = xx;
		};
/* End PBXContainerItemProxy section */

/* Begin PBXFileReference section */
		A92193F62335298200E783FA /* xx.app */ = {isa = PBXFileReference; explicitFileType = wrapper.application; includeInIndex = 0; path = xx.app; sourceTree = BUILT_PRODUCTS_DIR; };
		A92193F92335298200E783FA /* AppDelegate.swift */ = {isa = PBXFileReference; lastKnownFileType = sourcecode.swift; path = AppDelegate.swift; sourceTree = "<group>"; };
		A92193FB2335298200E783FA /* SceneDelegate.swift */ = {isa = PBXFileReference; lastKnownFileType = sourcecode.swift; path = SceneDelegate.swift; sourceTree = "<group>"; };
		A92193FD2335298200E783FA /* ContentView.swift */ = {isa = PBXFileReference; lastKnownFileType = sourcecode.swift; path = ContentView.swift; sourceTree = "<group>"; };
		A92193FF2335298300E783FA /* Assets.xcassets */ = {isa = PBXFileReference; lastKnownFileType = folder.assetcatalog; path = Assets.xcassets; sourceTree = "<group>"; };
		A92194022335298300E783FA /* Preview Assets.xcassets */ = {isa = PBXFileReference; lastKnownFileType = folder.assetcatalog; path = "Preview Assets.xcassets"; sourceTree = "<group>"; };
		A92194052335298300E783FA /* Base */ = {isa = PBXFileReference; lastKnownFileType = file.storyboard; name = Base; path = Base.lproj/LaunchScreen.storyboard; sourceTree = "<group>"; };
		A92194072335298300E783FA /* Info.plist */ = {isa = PBXFileReference; lastKnownFileType = text.plist.xml; path = Info.plist; sourceTree = "<group>"; };
		A921940C2335298400E783FA /* xxTests.xctest */ = {isa = PBXFileReference; explicitFileType = wrapper.cfbundle; includeInIndex = 0; path = xxTests.xctest; sourceTree = BUILT_PRODUCTS_DIR; };
		A92194102335298400E783FA /* xxTests.swift */ = {isa = PBXFileReference; lastKnownFileType = sourcecode.swift; path = xxTests.swift; sourceTree = "<group>"; };
		A92194122335298400E783FA /* Info.plist */ = {isa = PBXFileReference; lastKnownFileType = text.plist.xml; path = Info.plist; sourceTree = "<group>"; };
		A92194172335298400E783FA /* xxUITests.xctest */ = {isa = PBXFileReference; explicitFileType = wrapper.cfbundle; includeInIndex = 0; path = xxUITests.xctest; sourceTree = BUILT_PRODUCTS_DIR; };
		A921941B2335298400E783FA /* xxUITests.swift */ = {isa = PBXFileReference; lastKnownFileType = sourcecode.swift; path = xxUITests.swift; sourceTree = "<group>"; };
		A921941D2335298400E783FA /* Info.plist */ = {isa = PBXFileReference; lastKnownFileType = text.plist.xml; path = Info.plist; sourceTree = "<group>"; };
/* End PBXFileReference section */

/* Begin PBXFrameworksBuildPhase section */
		A92193F32335298200E783FA /* Frameworks */ = {
			isa = PBXFrameworksBuildPhase;
			buildActionMask = 2147483647;
			files = (
			);
			runOnlyForDeploymentPostprocessing = 0;
		};
		A92194092335298400E783FA /* Frameworks */ = {
			isa = PBXFrameworksBuildPhase;
			buildActionMask = 2147483647;
			files = (
			);
			runOnlyForDeploymentPostprocessing = 0;
		};
		A92194142335298400E783FA /* Frameworks */ = {
			isa = PBXFrameworksBuildPhase;
			buildActionMask = 2147483647;
			files = (
			);
			runOnlyForDeploymentPostprocessing = 0;
		};
/* End PBXFrameworksBuildPhase section */

/* Begin PBXGroup section */
		A92193ED2335298200E783FA = {
			isa = PBXGroup;
			children = (
				A92193F82335298200E783FA /* xx */,
				A921940F2335298400E783FA /* xxTests */,
				A921941A2335298400E783FA /* xxUITests */,
				A92193F72335298200E783FA /* Products */,
			);
			sourceTree = "<group>";
		};
		A92193F72335298200E783FA /* Products */ = {
			isa = PBXGroup;
			children = (
				A92193F62335298200E783FA /* xx.app */,
				A921940C2335298400E783FA /* xxTests.xctest */,
				A92194172335298400E783FA /* xxUITests.xctest */,
			);
			name = Products;
			sourceTree = "<group>";
		};
		A92193F82335298200E783FA /* xx */ = {
			isa = PBXGroup;
			children = (
				A92193F92335298200E783FA /* AppDelegate.swift */,
				A92193FB2335298200E783FA /* SceneDelegate.swift */,
				A92193FD2335298200E783FA /* ContentView.swift */,
				A92193FF2335298300E783FA /* Assets.xcassets */,
				A92194042335298300E783FA /* LaunchScreen.storyboard */,
				A92194072335298300E783FA /* Info.plist */,
				A92194012335298300E783FA /* Preview Content */,
			);
			path = xx;
			sourceTree = "<group>";
		};
		A92194012335298300E783FA /* Preview Content */ = {
			isa = PBXGroup;
			children = (
				A92194022335298300E783FA /* Preview Assets.xcassets */,
			);
			path = "Preview Content";
			sourceTree = "<group>";
		};
		A921940F2335298400E783FA /* xxTests */ = {
			isa = PBXGroup;
			children = (
				A92194102335298400E783FA /* xxTests.swift */,
				A92194122335298400E783FA /* Info.plist */,
			);
			path = xxTests;
			sourceTree = "<group>";
		};
		A921941A2335298400E783FA /* xxUITests */ = {
			isa = PBXGroup;
			children = (
				A921941B2335298400E783FA /* xxUITests.swift */,
				A921941D2335298400E783FA /* Info.plist */,
			);
			path = xxUITests;
			sourceTree = "<group>";
		};
/* End PBXGroup section */

/* Begin PBXNativeTarget section */
		A92193F52335298200E783FA /* xx */ = {
			isa = PBXNativeTarget;
			buildConfigurationList = A92194202335298400E783FA /* Build configuration list for PBXNativeTarget "xx" */;
			buildPhases = (
				A92193F22335298200E783FA /* Sources */,
				A92193F32335298200E783FA /* Frameworks */,
				A92193F42335298200E783FA /* Resources */,
			);
			buildRules = (
			);
			dependencies = (
			);
			name = xx;
			productName = xx;
			productReference = A92193F62335298200E783FA /* xx.app */;
			productType = "com.apple.product-type.application";
		};
		A921940B2335298400E783FA /* xxTests */ = {
			isa = PBXNativeTarget;
			buildConfigurationList = A92194232335298400E783FA /* Build configuration list for PBXNativeTarget "xxTests" */;
			buildPhases = (
				A92194082335298400E783FA /* Sources */,
				A92194092335298400E783FA /* Frameworks */,
				A921940A2335298400E783FA /* Resources */,
			);
			buildRules = (
			);
			dependencies = (
				A921940E2335298400E783FA /* PBXTargetDependency */,
			);
			name = xxTests;
			productName = xxTests;
			productReference = A921940C2335298400E783FA /* xxTests.xctest */;
			productType = "com.apple.product-type.bundle.unit-test";
		};
		A92194162335298400E783FA /* xxUITests */ = {
			isa = PBXNativeTarget;
			buildConfigurationList = A92194262335298400E783FA /* Build configuration list for PBXNativeTarget "xxUITests" */;
			buildPhases = (
				A92194132335298400E783FA /* Sources */,
				A92194142335298400E783FA /* Frameworks */,
				A92194152335298400E783FA /* Resources */,
			);
			buildRules = (
			);
			dependencies = (
				A92194192335298400E783FA /* PBXTargetDependency */,
			);
			name = xxUITests;
			productName = xxUITests;
			productReference = A92194172335298400E783FA /* xxUITests.xctest */;
			productType = "com.apple.product-type.bundle.ui-testing";
		};
/* End PBXNativeTarget section */

/* Begin PBXProject section */
		A92193EE2335298200E783FA /* Project object */ = {
			isa = PBXProject;
			attributes = {
				LastSwiftUpdateCheck = 1100;
				LastUpgradeCheck = 1100;
				ORGANIZATIONNAME = "Peter Pohlmann";
				TargetAttributes = {
					A92193F52335298200E783FA = {
						CreatedOnToolsVersion = 11.0;
					};
					A921940B2335298400E783FA = {
						CreatedOnToolsVersion = 11.0;
						TestTargetID = A92193F52335298200E783FA;
					};
					A92194162335298400E783FA = {
						CreatedOnToolsVersion = 11.0;
						TestTargetID = A92193F52335298200E783FA;
					};
				};
			};
			buildConfigurationList = A92193F12335298200E783FA /* Build configuration list for PBXProject "xx" */;
			compatibilityVersion = "Xcode 9.3";
			developmentRegion = en;
			hasScannedForEncodings = 0;
			knownRegions = (
				en,
				Base,
			);
			mainGroup = A92193ED2335298200E783FA;
			productRefGroup = A92193F72335298200E783FA /* Products */;
			projectDirPath = "";
			projectRoot = "";
			targets = (
				A92193F52335298200E783FA /* xx */,
				A921940B2335298400E783FA /* xxTests */,
				A92194162335298400E783FA /* xxUITests */,
			);
		};
/* End PBXProject section */

/* Begin PBXResourcesBuildPhase section */
		A92193F42335298200E783FA /* Resources */ = {
			isa = PBXResourcesBuildPhase;
			buildActionMask = 2147483647;
			files = (
				A92194062335298300E783FA /* LaunchScreen.storyboard in Resources */,
				A92194032335298300E783FA /* Preview Assets.xcassets in Resources */,
				A92194002335298300E783FA /* Assets.xcassets in Resources */,
			);
			runOnlyForDeploymentPostprocessing = 0;
		};
		A921940A2335298400E783FA /* Resources */ = {
			isa = PBXResourcesBuildPhase;
			buildActionMask = 2147483647;
			files = (
			);
			runOnlyForDeploymentPostprocessing = 0;
		};
		A92194152335298400E783FA /* Resources */ = {
			isa = PBXResourcesBuildPhase;
			buildActionMask = 2147483647;
			files = (
			);
			runOnlyForDeploymentPostprocessing = 0;
		};
/* End PBXResourcesBuildPhase section */

/* Begin PBXSourcesBuildPhase section */
		A92193F22335298200E783FA /* Sources */ = {
			isa = PBXSourcesBuildPhase;
			buildActionMask = 2147483647;
			files = (
				A92193FA2335298200E783FA /* AppDelegate.swift in Sources */,
				A92193FC2335298200E783FA /* SceneDelegate.swift in Sources */,
				A92193FE2335298200E783FA /* ContentView.swift in Sources */,
			);
			runOnlyForDeploymentPostprocessing = 0;
		};
		A92194082335298400E783FA /* Sources */ = {
			isa = PBXSourcesBuildPhase;
			buildActionMask = 2147483647;
			files = (
				A92194112335298400E783FA /* xxTests.swift in Sources */,
			);
			runOnlyForDeploymentPostprocessing = 0;
		};
		A92194132335298400E783FA /* Sources */ = {
			isa = PBXSourcesBuildPhase;
			buildActionMask = 2147483647;
			files = (
				A921941C2335298400E783FA /* xxUITests.swift in Sources */,
			);
			runOnlyForDeploymentPostprocessing = 0;
		};
/* End PBXSourcesBuildPhase section */

/* Begin PBXTargetDependency section */
		A921940E2335298400E783FA /* PBXTargetDependency */ = {
			isa = PBXTargetDependency;
			target = A92193F52335298200E783FA /* xx */;
			targetProxy = A921940D2335298400E783FA /* PBXContainerItemProxy */;
		};
		A92194192335298400E783FA /* PBXTargetDependency */ = {
			isa = PBXTargetDependency;
			target = A92193F52335298200E783FA /* xx */;
			targetProxy = A92194182335298400E783FA /* PBXContainerItemProxy */;
		};
/* End PBXTargetDependency section */

/* Begin PBXVariantGroup section */
		A92194042335298300E783FA /* LaunchScreen.storyboard */ = {
			isa = PBXVariantGroup;
			children = (
				A92194052335298300E783FA /* Base */,
			);
			name = LaunchScreen.storyboard;
			sourceTree = "<group>";
		};
/* End PBXVariantGroup section */

/* Begin XCBuildConfiguration section */
		A921941E2335298400E783FA /* Debug */ = {
			isa = XCBuildConfiguration;
			buildSettings = {
				ALWAYS_SEARCH_USER_PATHS = NO;
				CLANG_ANALYZER_NONNULL = YES;
				CLANG_ANALYZER_NUMBER_OBJECT_CONVERSION = YES_AGGRESSIVE;
				CLANG_CXX_LANGUAGE_STANDARD = "gnu++14";
				CLANG_CXX_LIBRARY = "libc++";
				CLANG_ENABLE_MODULES = YES;
				CLANG_ENABLE_OBJC_ARC = YES;
				CLANG_ENABLE_OBJC_WEAK = YES;
				CLANG_WARN_BLOCK_CAPTURE_AUTORELEASING = YES;
				CLANG_WARN_BOOL_CONVERSION = YES;
				CLANG_WARN_COMMA = YES;
				CLANG_WARN_CONSTANT_CONVERSION = YES;
				CLANG_WARN_DEPRECATED_OBJC_IMPLEMENTATIONS = YES;
				CLANG_WARN_DIRECT_OBJC_ISA_USAGE = YES_ERROR;
				CLANG_WARN_DOCUMENTATION_COMMENTS = YES;
				CLANG_WARN_EMPTY_BODY = YES;
				CLANG_WARN_ENUM_CONVERSION = YES;
				CLANG_WARN_INFINITE_RECURSION = YES;
				CLANG_WARN_INT_CONVERSION = YES;
				CLANG_WARN_NON_LITERAL_NULL_CONVERSION = YES;
				CLANG_WARN_OBJC_IMPLICIT_RETAIN_SELF = YES;
				CLANG_WARN_OBJC_LITERAL_CONVERSION = YES;
				CLANG_WARN_OBJC_ROOT_CLASS = YES_ERROR;
				CLANG_WARN_RANGE_LOOP_ANALYSIS = YES;
				CLANG_WARN_STRICT_PROTOTYPES = YES;
				CLANG_WARN_SUSPICIOUS_MOVE = YES;
				CLANG_WARN_UNGUARDED_AVAILABILITY = YES_AGGRESSIVE;
				CLANG_WARN_UNREACHABLE_CODE = YES;
				CLANG_WARN__DUPLICATE_METHOD_MATCH = YES;
				COPY_PHASE_STRIP = NO;
				DEBUG_INFORMATION_FORMAT = dwarf;
				ENABLE_STRICT_OBJC_MSGSEND = YES;
				ENABLE_TESTABILITY = YES;
				GCC_C_LANGUAGE_STANDARD = gnu11;
				GCC_DYNAMIC_NO_PIC = NO;
				GCC_NO_COMMON_BLOCKS = YES;
				GCC_OPTIMIZATION_LEVEL = 0;
				GCC_PREPROCESSOR_DEFINITIONS = (
					"DEBUG=1",
					"$(inherited)",
				);
				GCC_WARN_64_TO_32_BIT_CONVERSION = YES;
				GCC_WARN_ABOUT_RETURN_TYPE = YES_ERROR;
				GCC_WARN_UNDECLARED_SELECTOR = YES;
				GCC_WARN_UNINITIALIZED_AUTOS = YES_AGGRESSIVE;
				GCC_WARN_UNUSED_FUNCTION = YES;
				GCC_WARN_UNUSED_VARIABLE = YES;
				IPHONEOS_DEPLOYMENT_TARGET = 13.0;
				MTL_ENABLE_DEBUG_INFO = INCLUDE_SOURCE;
				MTL_FAST_MATH = YES;
				ONLY_ACTIVE_ARCH = YES;
				SDKROOT = iphoneos;
				SWIFT_ACTIVE_COMPILATION_CONDITIONS = DEBUG;
				SWIFT_OPTIMIZATION_LEVEL = "-Onone";
			};
			name = Debug;
		};
		A921941F2335298400E783FA /* Release */ = {
			isa = XCBuildConfiguration;
			buildSettings = {
				ALWAYS_SEARCH_USER_PATHS = NO;
				CLANG_ANALYZER_NONNULL = YES;
				CLANG_ANALYZER_NUMBER_OBJECT_CONVERSION = YES_AGGRESSIVE;
				CLANG_CXX_LANGUAGE_STANDARD = "gnu++14";
				CLANG_CXX_LIBRARY = "libc++";
				CLANG_ENABLE_MODULES = YES;
				CLANG_ENABLE_OBJC_ARC = YES;
				CLANG_ENABLE_OBJC_WEAK = YES;
				CLANG_WARN_BLOCK_CAPTURE_AUTORELEASING = YES;
				CLANG_WARN_BOOL_CONVERSION = YES;
				CLANG_WARN_COMMA = YES;
				CLANG_WARN_CONSTANT_CONVERSION = YES;
				CLANG_WARN_DEPRECATED_OBJC_IMPLEMENTATIONS = YES;
				CLANG_WARN_DIRECT_OBJC_ISA_USAGE = YES_ERROR;
				CLANG_WARN_DOCUMENTATION_COMMENTS = YES;
				CLANG_WARN_EMPTY_BODY = YES;
				CLANG_WARN_ENUM_CONVERSION = YES;
				CLANG_WARN_INFINITE_RECURSION = YES;
				CLANG_WARN_INT_CONVERSION = YES;
				CLANG_WARN_NON_LITERAL_NULL_CONVERSION = YES;
				CLANG_WARN_OBJC_IMPLICIT_RETAIN_SELF = YES;
				CLANG_WARN_OBJC_LITERAL_CONVERSION = YES;
				CLANG_WARN_OBJC_ROOT_CLASS = YES_ERROR;
				CLANG_WARN_RANGE_LOOP_ANALYSIS = YES;
				CLANG_WARN_STRICT_PROTOTYPES = YES;
				CLANG_WARN_SUSPICIOUS_MOVE = YES;
				CLANG_WARN_UNGUARDED_AVAILABILITY = YES_AGGRESSIVE;
				CLANG_WARN_UNREACHABLE_CODE = YES;
				CLANG_WARN__DUPLICATE_METHOD_MATCH = YES;
				COPY_PHASE_STRIP = NO;
				DEBUG_INFORMATION_FORMAT = "dwarf-with-dsym";
				ENABLE_NS_ASSERTIONS = NO;
				ENABLE_STRICT_OBJC_MSGSEND = YES;
				GCC_C_LANGUAGE_STANDARD = gnu11;
				GCC_NO_COMMON_BLOCKS = YES;
				GCC_WARN_64_TO_32_BIT_CONVERSION = YES;
				GCC_WARN_ABOUT_RETURN_TYPE = YES_ERROR;
				GCC_WARN_UNDECLARED_SELECTOR = YES;
				GCC_WARN_UNINITIALIZED_AUTOS = YES_AGGRESSIVE;
				GCC_WARN_UNUSED_FUNCTION = YES;
				GCC_WARN_UNUSED_VARIABLE = YES;
				IPHONEOS_DEPLOYMENT_TARGET = 13.0;
				MTL_ENABLE_DEBUG_INFO = NO;
				MTL_FAST_MATH = YES;
				SDKROOT = iphoneos;
				SWIFT_COMPILATION_MODE = wholemodule;
				SWIFT_OPTIMIZATION_LEVEL = "-O";
				VALIDATE_PRODUCT = YES;
			};
			name = Release;
		};
		A92194212335298400E783FA /* Debug */ = {
			isa = XCBuildConfiguration;
			buildSettings = {
				ASSETCATALOG_COMPILER_APPICON_NAME = AppIcon;
				CODE_SIGN_STYLE = Automatic;
				DEVELOPMENT_ASSET_PATHS = "\"xx/Preview Content\"";
				DEVELOPMENT_TEAM = 4RGRETYKQ9;
				ENABLE_PREVIEWS = YES;
				INFOPLIST_FILE = xx/Info.plist;
				LD_RUNPATH_SEARCH_PATHS = (
					"$(inherited)",
					"@executable_path/Frameworks",
				);
				PRODUCT_BUNDLE_IDENTIFIER = solare.io.xx;
				PRODUCT_NAME = "$(TARGET_NAME)";
				SWIFT_VERSION = 5.0;
				TARGETED_DEVICE_FAMILY = "1,2";
			};
			name = Debug;
		};
		A92194222335298400E783FA /* Release */ = {
			isa = XCBuildConfiguration;
			buildSettings = {
				ASSETCATALOG_COMPILER_APPICON_NAME = AppIcon;
				CODE_SIGN_STYLE = Automatic;
				DEVELOPMENT_ASSET_PATHS = "\"xx/Preview Content\"";
				DEVELOPMENT_TEAM = 4RGRETYKQ9;
				ENABLE_PREVIEWS = YES;
				INFOPLIST_FILE = xx/Info.plist;
				LD_RUNPATH_SEARCH_PATHS = (
					"$(inherited)",
					"@executable_path/Frameworks",
				);
				PRODUCT_BUNDLE_IDENTIFIER = solare.io.xx;
				PRODUCT_NAME = "$(TARGET_NAME)";
				SWIFT_VERSION = 5.0;
				TARGETED_DEVICE_FAMILY = "1,2";
			};
			name = Release;
		};
		A92194242335298400E783FA /* Debug */ = {
			isa = XCBuildConfiguration;
			buildSettings = {
				ALWAYS_EMBED_SWIFT_STANDARD_LIBRARIES = YES;
				BUNDLE_LOADER = "$(TEST_HOST)";
				CODE_SIGN_STYLE = Automatic;
				DEVELOPMENT_TEAM = 4RGRETYKQ9;
				INFOPLIST_FILE = xxTests/Info.plist;
				IPHONEOS_DEPLOYMENT_TARGET = 13.0;
				LD_RUNPATH_SEARCH_PATHS = (
					"$(inherited)",
					"@executable_path/Frameworks",
					"@loader_path/Frameworks",
				);
				PRODUCT_BUNDLE_IDENTIFIER = solare.io.xxTests;
				PRODUCT_NAME = "$(TARGET_NAME)";
				SWIFT_VERSION = 5.0;
				TARGETED_DEVICE_FAMILY = "1,2";
				TEST_HOST = "$(BUILT_PRODUCTS_DIR)/xx.app/xx";
			};
			name = Debug;
		};
		A92194252335298400E783FA /* Release */ = {
			isa = XCBuildConfiguration;
			buildSettings = {
				ALWAYS_EMBED_SWIFT_STANDARD_LIBRARIES = YES;
				BUNDLE_LOADER = "$(TEST_HOST)";
				CODE_SIGN_STYLE = Automatic;
				DEVELOPMENT_TEAM = 4RGRETYKQ9;
				INFOPLIST_FILE = xxTests/Info.plist;
				IPHONEOS_DEPLOYMENT_TARGET = 13.0;
				LD_RUNPATH_SEARCH_PATHS = (
					"$(inherited)",
					"@executable_path/Frameworks",
					"@loader_path/Frameworks",
				);
				PRODUCT_BUNDLE_IDENTIFIER = solare.io.xxTests;
				PRODUCT_NAME = "$(TARGET_NAME)";
				SWIFT_VERSION = 5.0;
				TARGETED_DEVICE_FAMILY = "1,2";
				TEST_HOST = "$(BUILT_PRODUCTS_DIR)/xx.app/xx";
			};
			name = Release;
		};
		A92194272335298400E783FA /* Debug */ = {
			isa = XCBuildConfiguration;
			buildSettings = {
				ALWAYS_EMBED_SWIFT_STANDARD_LIBRARIES = YES;
				CODE_SIGN_STYLE = Automatic;
				DEVELOPMENT_TEAM = 4RGRETYKQ9;
				INFOPLIST_FILE = xxUITests/Info.plist;
				LD_RUNPATH_SEARCH_PATHS = (
					"$(inherited)",
					"@executable_path/Frameworks",
					"@loader_path/Frameworks",
				);
				PRODUCT_BUNDLE_IDENTIFIER = solare.io.xxUITests;
				PRODUCT_NAME = "$(TARGET_NAME)";
				SWIFT_VERSION = 5.0;
				TARGETED_DEVICE_FAMILY = "1,2";
				TEST_TARGET_NAME = xx;
			};
			name = Debug;
		};
		A92194282335298400E783FA /* Release */ = {
			isa = XCBuildConfiguration;
			buildSettings = {
				ALWAYS_EMBED_SWIFT_STANDARD_LIBRARIES = YES;
				CODE_SIGN_STYLE = Automatic;
				DEVELOPMENT_TEAM = 4RGRETYKQ9;
				INFOPLIST_FILE = xxUITests/Info.plist;
				LD_RUNPATH_SEARCH_PATHS = (
					"$(inherited)",
					"@executable_path/Frameworks",
					"@loader_path/Frameworks",
				);
				PRODUCT_BUNDLE_IDENTIFIER = solare.io.xxUITests;
				PRODUCT_NAME = "$(TARGET_NAME)";
				SWIFT_VERSION = 5.0;
				TARGETED_DEVICE_FAMILY = "1,2";
				TEST_TARGET_NAME = xx;
			};
			name = Release;
		};
/* End XCBuildConfiguration section */

/* Begin XCConfigurationList section */
		A92193F12335298200E783FA /* Build configuration list for PBXProject "xx" */ = {
			isa = XCConfigurationList;
			buildConfigurations = (
				A921941E2335298400E783FA /* Debug */,
				A921941F2335298400E783FA /* Release */,
			);
			defaultConfigurationIsVisible = 0;
			defaultConfigurationName = Release;
		};
		A92194202335298400E783FA /* Build configuration list for PBXNativeTarget "xx" */ = {
			isa = XCConfigurationList;
			buildConfigurations = (
				A92194212335298400E783FA /* Debug */,
				A92194222335298400E783FA /* Release */,
			);
			defaultConfigurationIsVisible = 0;
			defaultConfigurationName = Release;
		};
		A92194232335298400E783FA /* Build configuration list for PBXNativeTarget "xxTests" */ = {
			isa = XCConfigurationList;
			buildConfigurations = (
				A92194242335298400E783FA /* Debug */,
				A92194252335298400E783FA /* Release */,
			);
			defaultConfigurationIsVisible = 0;
			defaultConfigurationName = Release;
		};
		A92194262335298400E783FA /* Build configuration list for PBXNativeTarget "xxUITests" */ = {
			isa = XCConfigurationList;
			buildConfigurations = (
				A92194272335298400E783FA /* Debug */,
				A92194282335298400E783FA /* Release */,
			);
			defaultConfigurationIsVisible = 0;
			defaultConfigurationName = Release;
		};
/* End XCConfigurationList section */
	};
	rootObject = A92193EE2335298200E783FA /* Project object */;
}
