// !$*UTF8*$!
{
	archiveVersion = 1;
	classes = {
	};
	objectVersion = 50;
	objects = {

/* Begin PBXBuildFile section */
		A9A83D982141212E00327E21 /* AppDelegate.swift in Sources */ = {isa = PBXBuildFile; fileRef = A9A83D972141212E00327E21 /* AppDelegate.swift */; };
		A9A83D9A2141212E00327E21 /* ViewController.swift in Sources */ = {isa = PBXBuildFile; fileRef = A9A83D992141212E00327E21 /* ViewController.swift */; };
		A9A83D9D2141212E00327E21 /* Main.storyboard in Resources */ = {isa = PBXBuildFile; fileRef = A9A83D9B2141212E00327E21 /* Main.storyboard */; };
		A9A83D9F2141212F00327E21 /* Assets.xcassets in Resources */ = {isa = PBXBuildFile; fileRef = A9A83D9E2141212F00327E21 /* Assets.xcassets */; };
		A9A83DA22141212F00327E21 /* LaunchScreen.storyboard in Resources */ = {isa = PBXBuildFile; fileRef = A9A83DA02141212F00327E21 /* LaunchScreen.storyboard */; };
		A9A83DAD2141213000327E21 /* ClickCounterTests.swift in Sources */ = {isa = PBXBuildFile; fileRef = A9A83DAC2141213000327E21 /* ClickCounterTests.swift */; };
		A9A83DB82141213000327E21 /* ClickCounterUITests.swift in Sources */ = {isa = PBXBuildFile; fileRef = A9A83DB72141213000327E21 /* ClickCounterUITests.swift */; };
/* End PBXBuildFile section */

/* Begin PBXContainerItemProxy section */
		A9A83DA92141213000327E21 /* PBXContainerItemProxy */ = {
			isa = PBXContainerItemProxy;
			containerPortal = A9A83D8C2141212E00327E21 /* Project object */;
			proxyType = 1;
			remoteGlobalIDString = A9A83D932141212E00327E21;
			remoteInfo = ClickCounter;
		};
		A9A83DB42141213000327E21 /* PBXContainerItemProxy */ = {
			isa = PBXContainerItemProxy;
			containerPortal = A9A83D8C2141212E00327E21 /* Project object */;
			proxyType = 1;
			remoteGlobalIDString = A9A83D932141212E00327E21;
			remoteInfo = ClickCounter;
		};
/* End PBXContainerItemProxy section */

/* Begin PBXFileReference section */
		A9A83D942141212E00327E21 /* ClickCounter.app */ = {isa = PBXFileReference; explicitFileType = wrapper.application; includeInIndex = 0; path = ClickCounter.app; sourceTree = BUILT_PRODUCTS_DIR; };
		A9A83D972141212E00327E21 /* AppDelegate.swift */ = {isa = PBXFileReference; lastKnownFileType = sourcecode.swift; path = AppDelegate.swift; sourceTree = "<group>"; };
		A9A83D992141212E00327E21 /* ViewController.swift */ = {isa = PBXFileReference; lastKnownFileType = sourcecode.swift; path = ViewController.swift; sourceTree = "<group>"; };
		A9A83D9C2141212E00327E21 /* Base */ = {isa = PBXFileReference; lastKnownFileType = file.storyboard; name = Base; path = Base.lproj/Main.storyboard; sourceTree = "<group>"; };
		A9A83D9E2141212F00327E21 /* Assets.xcassets */ = {isa = PBXFileReference; lastKnownFileType = folder.assetcatalog; path = Assets.xcassets; sourceTree = "<group>"; };
		A9A83DA12141212F00327E21 /* Base */ = {isa = PBXFileReference; lastKnownFileType = file.storyboard; name = Base; path = Base.lproj/LaunchScreen.storyboard; sourceTree = "<group>"; };
		A9A83DA32141212F00327E21 /* Info.plist */ = {isa = PBXFileReference; lastKnownFileType = text.plist.xml; path = Info.plist; sourceTree = "<group>"; };
		A9A83DA82141213000327E21 /* ClickCounterTests.xctest */ = {isa = PBXFileReference; explicitFileType = wrapper.cfbundle; includeInIndex = 0; path = ClickCounterTests.xctest; sourceTree = BUILT_PRODUCTS_DIR; };
		A9A83DAC2141213000327E21 /* ClickCounterTests.swift */ = {isa = PBXFileReference; lastKnownFileType = sourcecode.swift; path = ClickCounterTests.swift; sourceTree = "<group>"; };
		A9A83DAE2141213000327E21 /* Info.plist */ = {isa = PBXFileReference; lastKnownFileType = text.plist.xml; path = Info.plist; sourceTree = "<group>"; };
		A9A83DB32141213000327E21 /* ClickCounterUITests.xctest */ = {isa = PBXFileReference; explicitFileType = wrapper.cfbundle; includeInIndex = 0; path = ClickCounterUITests.xctest; sourceTree = BUILT_PRODUCTS_DIR; };
		A9A83DB72141213000327E21 /* ClickCounterUITests.swift */ = {isa = PBXFileReference; lastKnownFileType = sourcecode.swift; path = ClickCounterUITests.swift; sourceTree = "<group>"; };
		A9A83DB92141213000327E21 /* Info.plist */ = {isa = PBXFileReference; lastKnownFileType = text.plist.xml; path = Info.plist; sourceTree = "<group>"; };
/* End PBXFileReference section */

/* Begin PBXFrameworksBuildPhase section */
		A9A83D912141212E00327E21 /* Frameworks */ = {
			isa = PBXFrameworksBuildPhase;
			buildActionMask = 2147483647;
			files = (
			);
			runOnlyForDeploymentPostprocessing = 0;
		};
		A9A83DA52141213000327E21 /* Frameworks */ = {
			isa = PBXFrameworksBuildPhase;
			buildActionMask = 2147483647;
			files = (
			);
			runOnlyForDeploymentPostprocessing = 0;
		};
		A9A83DB02141213000327E21 /* Frameworks */ = {
			isa = PBXFrameworksBuildPhase;
			buildActionMask = 2147483647;
			files = (
			);
			runOnlyForDeploymentPostprocessing = 0;
		};
/* End PBXFrameworksBuildPhase section */

/* Begin PBXGroup section */
		A9A83D8B2141212E00327E21 = {
			isa = PBXGroup;
			children = (
				A9A83D962141212E00327E21 /* ClickCounter */,
				A9A83DAB2141213000327E21 /* ClickCounterTests */,
				A9A83DB62141213000327E21 /* ClickCounterUITests */,
				A9A83D952141212E00327E21 /* Products */,
			);
			sourceTree = "<group>";
		};
		A9A83D952141212E00327E21 /* Products */ = {
			isa = PBXGroup;
			children = (
				A9A83D942141212E00327E21 /* ClickCounter.app */,
				A9A83DA82141213000327E21 /* ClickCounterTests.xctest */,
				A9A83DB32141213000327E21 /* ClickCounterUITests.xctest */,
			);
			name = Products;
			sourceTree = "<group>";
		};
		A9A83D962141212E00327E21 /* ClickCounter */ = {
			isa = PBXGroup;
			children = (
				A9A83D972141212E00327E21 /* AppDelegate.swift */,
				A9A83D992141212E00327E21 /* ViewController.swift */,
				A9A83D9B2141212E00327E21 /* Main.storyboard */,
				A9A83D9E2141212F00327E21 /* Assets.xcassets */,
				A9A83DA02141212F00327E21 /* LaunchScreen.storyboard */,
				A9A83DA32141212F00327E21 /* Info.plist */,
			);
			path = ClickCounter;
			sourceTree = "<group>";
		};
		A9A83DAB2141213000327E21 /* ClickCounterTests */ = {
			isa = PBXGroup;
			children = (
				A9A83DAC2141213000327E21 /* ClickCounterTests.swift */,
				A9A83DAE2141213000327E21 /* Info.plist */,
			);
			path = ClickCounterTests;
			sourceTree = "<group>";
		};
		A9A83DB62141213000327E21 /* ClickCounterUITests */ = {
			isa = PBXGroup;
			children = (
				A9A83DB72141213000327E21 /* ClickCounterUITests.swift */,
				A9A83DB92141213000327E21 /* Info.plist */,
			);
			path = ClickCounterUITests;
			sourceTree = "<group>";
		};
/* End PBXGroup section */

/* Begin PBXNativeTarget section */
		A9A83D932141212E00327E21 /* ClickCounter */ = {
			isa = PBXNativeTarget;
			buildConfigurationList = A9A83DBC2141213000327E21 /* Build configuration list for PBXNativeTarget "ClickCounter" */;
			buildPhases = (
				A9A83D902141212E00327E21 /* Sources */,
				A9A83D912141212E00327E21 /* Frameworks */,
				A9A83D922141212E00327E21 /* Resources */,
			);
			buildRules = (
			);
			dependencies = (
			);
			name = ClickCounter;
			productName = ClickCounter;
			productReference = A9A83D942141212E00327E21 /* ClickCounter.app */;
			productType = "com.apple.product-type.application";
		};
		A9A83DA72141213000327E21 /* ClickCounterTests */ = {
			isa = PBXNativeTarget;
			buildConfigurationList = A9A83DBF2141213000327E21 /* Build configuration list for PBXNativeTarget "ClickCounterTests" */;
			buildPhases = (
				A9A83DA42141213000327E21 /* Sources */,
				A9A83DA52141213000327E21 /* Frameworks */,
				A9A83DA62141213000327E21 /* Resources */,
			);
			buildRules = (
			);
			dependencies = (
				A9A83DAA2141213000327E21 /* PBXTargetDependency */,
			);
			name = ClickCounterTests;
			productName = ClickCounterTests;
			productReference = A9A83DA82141213000327E21 /* ClickCounterTests.xctest */;
			productType = "com.apple.product-type.bundle.unit-test";
		};
		A9A83DB22141213000327E21 /* ClickCounterUITests */ = {
			isa = PBXNativeTarget;
			buildConfigurationList = A9A83DC22141213000327E21 /* Build configuration list for PBXNativeTarget "ClickCounterUITests" */;
			buildPhases = (
				A9A83DAF2141213000327E21 /* Sources */,
				A9A83DB02141213000327E21 /* Frameworks */,
				A9A83DB12141213000327E21 /* Resources */,
			);
			buildRules = (
			);
			dependencies = (
				A9A83DB52141213000327E21 /* PBXTargetDependency */,
			);
			name = ClickCounterUITests;
			productName = ClickCounterUITests;
			productReference = A9A83DB32141213000327E21 /* ClickCounterUITests.xctest */;
			productType = "com.apple.product-type.bundle.ui-testing";
		};
/* End PBXNativeTarget section */

/* Begin PBXProject section */
		A9A83D8C2141212E00327E21 /* Project object */ = {
			isa = PBXProject;
			attributes = {
				LastSwiftUpdateCheck = 0940;
				LastUpgradeCheck = 0940;
				ORGANIZATIONNAME = "Peter Pohlmann";
				TargetAttributes = {
					A9A83D932141212E00327E21 = {
						CreatedOnToolsVersion = 9.4.1;
					};
					A9A83DA72141213000327E21 = {
						CreatedOnToolsVersion = 9.4.1;
						TestTargetID = A9A83D932141212E00327E21;
					};
					A9A83DB22141213000327E21 = {
						CreatedOnToolsVersion = 9.4.1;
						TestTargetID = A9A83D932141212E00327E21;
					};
				};
			};
			buildConfigurationList = A9A83D8F2141212E00327E21 /* Build configuration list for PBXProject "ClickCounter" */;
			compatibilityVersion = "Xcode 9.3";
			developmentRegion = en;
			hasScannedForEncodings = 0;
			knownRegions = (
				en,
				Base,
			);
			mainGroup = A9A83D8B2141212E00327E21;
			productRefGroup = A9A83D952141212E00327E21 /* Products */;
			projectDirPath = "";
			projectRoot = "";
			targets = (
				A9A83D932141212E00327E21 /* ClickCounter */,
				A9A83DA72141213000327E21 /* ClickCounterTests */,
				A9A83DB22141213000327E21 /* ClickCounterUITests */,
			);
		};
/* End PBXProject section */

/* Begin PBXResourcesBuildPhase section */
		A9A83D922141212E00327E21 /* Resources */ = {
			isa = PBXResourcesBuildPhase;
			buildActionMask = 2147483647;
			files = (
				A9A83DA22141212F00327E21 /* LaunchScreen.storyboard in Resources */,
				A9A83D9F2141212F00327E21 /* Assets.xcassets in Resources */,
				A9A83D9D2141212E00327E21 /* Main.storyboard in Resources */,
			);
			runOnlyForDeploymentPostprocessing = 0;
		};
		A9A83DA62141213000327E21 /* Resources */ = {
			isa = PBXResourcesBuildPhase;
			buildActionMask = 2147483647;
			files = (
			);
			runOnlyForDeploymentPostprocessing = 0;
		};
		A9A83DB12141213000327E21 /* Resources */ = {
			isa = PBXResourcesBuildPhase;
			buildActionMask = 2147483647;
			files = (
			);
			runOnlyForDeploymentPostprocessing = 0;
		};
/* End PBXResourcesBuildPhase section */

/* Begin PBXSourcesBuildPhase section */
		A9A83D902141212E00327E21 /* Sources */ = {
			isa = PBXSourcesBuildPhase;
			buildActionMask = 2147483647;
			files = (
				A9A83D9A2141212E00327E21 /* ViewController.swift in Sources */,
				A9A83D982141212E00327E21 /* AppDelegate.swift in Sources */,
			);
			runOnlyForDeploymentPostprocessing = 0;
		};
		A9A83DA42141213000327E21 /* Sources */ = {
			isa = PBXSourcesBuildPhase;
			buildActionMask = 2147483647;
			files = (
				A9A83DAD2141213000327E21 /* ClickCounterTests.swift in Sources */,
			);
			runOnlyForDeploymentPostprocessing = 0;
		};
		A9A83DAF2141213000327E21 /* Sources */ = {
			isa = PBXSourcesBuildPhase;
			buildActionMask = 2147483647;
			files = (
				A9A83DB82141213000327E21 /* ClickCounterUITests.swift in Sources */,
			);
			runOnlyForDeploymentPostprocessing = 0;
		};
/* End PBXSourcesBuildPhase section */

/* Begin PBXTargetDependency section */
		A9A83DAA2141213000327E21 /* PBXTargetDependency */ = {
			isa = PBXTargetDependency;
			target = A9A83D932141212E00327E21 /* ClickCounter */;
			targetProxy = A9A83DA92141213000327E21 /* PBXContainerItemProxy */;
		};
		A9A83DB52141213000327E21 /* PBXTargetDependency */ = {
			isa = PBXTargetDependency;
			target = A9A83D932141212E00327E21 /* ClickCounter */;
			targetProxy = A9A83DB42141213000327E21 /* PBXContainerItemProxy */;
		};
/* End PBXTargetDependency section */

/* Begin PBXVariantGroup section */
		A9A83D9B2141212E00327E21 /* Main.storyboard */ = {
			isa = PBXVariantGroup;
			children = (
				A9A83D9C2141212E00327E21 /* Base */,
			);
			name = Main.storyboard;
			sourceTree = "<group>";
		};
		A9A83DA02141212F00327E21 /* LaunchScreen.storyboard */ = {
			isa = PBXVariantGroup;
			children = (
				A9A83DA12141212F00327E21 /* Base */,
			);
			name = LaunchScreen.storyboard;
			sourceTree = "<group>";
		};
/* End PBXVariantGroup section */

/* Begin XCBuildConfiguration section */
		A9A83DBA2141213000327E21 /* Debug */ = {
			isa = XCBuildConfiguration;
			buildSettings = {
				ALWAYS_SEARCH_USER_PATHS = NO;
				CLANG_ANALYZER_NONNULL = YES;
				CLANG_ANALYZER_NUMBER_OBJECT_CONVERSION = YES_AGGRESSIVE;
				CLANG_CXX_LANGUAGE_STANDARD = "gnu++14";
				CLANG_CXX_LIBRARY = "libc++";
				CLANG_ENABLE_MODULES = YES;
				CLANG_ENABLE_OBJC_ARC = YES;
				CLANG_ENABLE_OBJC_WEAK = YES;
				CLANG_WARN_BLOCK_CAPTURE_AUTORELEASING = YES;
				CLANG_WARN_BOOL_CONVERSION = YES;
				CLANG_WARN_COMMA = YES;
				CLANG_WARN_CONSTANT_CONVERSION = YES;
				CLANG_WARN_DEPRECATED_OBJC_IMPLEMENTATIONS = YES;
				CLANG_WARN_DIRECT_OBJC_ISA_USAGE = YES_ERROR;
				CLANG_WARN_DOCUMENTATION_COMMENTS = YES;
				CLANG_WARN_EMPTY_BODY = YES;
				CLANG_WARN_ENUM_CONVERSION = YES;
				CLANG_WARN_INFINITE_RECURSION = YES;
				CLANG_WARN_INT_CONVERSION = YES;
				CLANG_WARN_NON_LITERAL_NULL_CONVERSION = YES;
				CLANG_WARN_OBJC_IMPLICIT_RETAIN_SELF = YES;
				CLANG_WARN_OBJC_LITERAL_CONVERSION = YES;
				CLANG_WARN_OBJC_ROOT_CLASS = YES_ERROR;
				CLANG_WARN_RANGE_LOOP_ANALYSIS = YES;
				CLANG_WARN_STRICT_PROTOTYPES = YES;
				CLANG_WARN_SUSPICIOUS_MOVE = YES;
				CLANG_WARN_UNGUARDED_AVAILABILITY = YES_AGGRESSIVE;
				CLANG_WARN_UNREACHABLE_CODE = YES;
				CLANG_WARN__DUPLICATE_METHOD_MATCH = YES;
				CODE_SIGN_IDENTITY = "iPhone Developer";
				COPY_PHASE_STRIP = NO;
				DEBUG_INFORMATION_FORMAT = dwarf;
				ENABLE_STRICT_OBJC_MSGSEND = YES;
				ENABLE_TESTABILITY = YES;
				GCC_C_LANGUAGE_STANDARD = gnu11;
				GCC_DYNAMIC_NO_PIC = NO;
				GCC_NO_COMMON_BLOCKS = YES;
				GCC_OPTIMIZATION_LEVEL = 0;
				GCC_PREPROCESSOR_DEFINITIONS = (
					"DEBUG=1",
					"$(inherited)",
				);
				GCC_WARN_64_TO_32_BIT_CONVERSION = YES;
				GCC_WARN_ABOUT_RETURN_TYPE = YES_ERROR;
				GCC_WARN_UNDECLARED_SELECTOR = YES;
				GCC_WARN_UNINITIALIZED_AUTOS = YES_AGGRESSIVE;
				GCC_WARN_UNUSED_FUNCTION = YES;
				GCC_WARN_UNUSED_VARIABLE = YES;
				IPHONEOS_DEPLOYMENT_TARGET = 11.4;
				MTL_ENABLE_DEBUG_INFO = YES;
				ONLY_ACTIVE_ARCH = YES;
				SDKROOT = iphoneos;
				SWIFT_ACTIVE_COMPILATION_CONDITIONS = DEBUG;
				SWIFT_OPTIMIZATION_LEVEL = "-Onone";
			};
			name = Debug;
		};
		A9A83DBB2141213000327E21 /* Release */ = {
			isa = XCBuildConfiguration;
			buildSettings = {
				ALWAYS_SEARCH_USER_PATHS = NO;
				CLANG_ANALYZER_NONNULL = YES;
				CLANG_ANALYZER_NUMBER_OBJECT_CONVERSION = YES_AGGRESSIVE;
				CLANG_CXX_LANGUAGE_STANDARD = "gnu++14";
				CLANG_CXX_LIBRARY = "libc++";
				CLANG_ENABLE_MODULES = YES;
				CLANG_ENABLE_OBJC_ARC = YES;
				CLANG_ENABLE_OBJC_WEAK = YES;
				CLANG_WARN_BLOCK_CAPTURE_AUTORELEASING = YES;
				CLANG_WARN_BOOL_CONVERSION = YES;
				CLANG_WARN_COMMA = YES;
				CLANG_WARN_CONSTANT_CONVERSION = YES;
				CLANG_WARN_DEPRECATED_OBJC_IMPLEMENTATIONS = YES;
				CLANG_WARN_DIRECT_OBJC_ISA_USAGE = YES_ERROR;
				CLANG_WARN_DOCUMENTATION_COMMENTS = YES;
				CLANG_WARN_EMPTY_BODY = YES;
				CLANG_WARN_ENUM_CONVERSION = YES;
				CLANG_WARN_INFINITE_RECURSION = YES;
				CLANG_WARN_INT_CONVERSION = YES;
				CLANG_WARN_NON_LITERAL_NULL_CONVERSION = YES;
				CLANG_WARN_OBJC_IMPLICIT_RETAIN_SELF = YES;
				CLANG_WARN_OBJC_LITERAL_CONVERSION = YES;
				CLANG_WARN_OBJC_ROOT_CLASS = YES_ERROR;
				CLANG_WARN_RANGE_LOOP_ANALYSIS = YES;
				CLANG_WARN_STRICT_PROTOTYPES = YES;
				CLANG_WARN_SUSPICIOUS_MOVE = YES;
				CLANG_WARN_UNGUARDED_AVAILABILITY = YES_AGGRESSIVE;
				CLANG_WARN_UNREACHABLE_CODE = YES;
				CLANG_WARN__DUPLICATE_METHOD_MATCH = YES;
				CODE_SIGN_IDENTITY = "iPhone Developer";
				COPY_PHASE_STRIP = NO;
				DEBUG_INFORMATION_FORMAT = "dwarf-with-dsym";
				ENABLE_NS_ASSERTIONS = NO;
				ENABLE_STRICT_OBJC_MSGSEND = YES;
				GCC_C_LANGUAGE_STANDARD = gnu11;
				GCC_NO_COMMON_BLOCKS = YES;
				GCC_WARN_64_TO_32_BIT_CONVERSION = YES;
				GCC_WARN_ABOUT_RETURN_TYPE = YES_ERROR;
				GCC_WARN_UNDECLARED_SELECTOR = YES;
				GCC_WARN_UNINITIALIZED_AUTOS = YES_AGGRESSIVE;
				GCC_WARN_UNUSED_FUNCTION = YES;
				GCC_WARN_UNUSED_VARIABLE = YES;
				IPHONEOS_DEPLOYMENT_TARGET = 11.4;
				MTL_ENABLE_DEBUG_INFO = NO;
				SDKROOT = iphoneos;
				SWIFT_COMPILATION_MODE = wholemodule;
				SWIFT_OPTIMIZATION_LEVEL = "-O";
				VALIDATE_PRODUCT = YES;
			};
			name = Release;
		};
		A9A83DBD2141213000327E21 /* Debug */ = {
			isa = XCBuildConfiguration;
			buildSettings = {
				ASSETCATALOG_COMPILER_APPICON_NAME = AppIcon;
				CODE_SIGN_STYLE = Automatic;
				DEVELOPMENT_TEAM = 4RGRETYKQ9;
				INFOPLIST_FILE = ClickCounter/Info.plist;
				LD_RUNPATH_SEARCH_PATHS = (
					"$(inherited)",
					"@executable_path/Frameworks",
				);
				PRODUCT_BUNDLE_IDENTIFIER = solare.io.ClickCounter;
				PRODUCT_NAME = "$(TARGET_NAME)";
				SWIFT_VERSION = 4.0;
				TARGETED_DEVICE_FAMILY = "1,2";
			};
			name = Debug;
		};
		A9A83DBE2141213000327E21 /* Release */ = {
			isa = XCBuildConfiguration;
			buildSettings = {
				ASSETCATALOG_COMPILER_APPICON_NAME = AppIcon;
				CODE_SIGN_STYLE = Automatic;
				DEVELOPMENT_TEAM = 4RGRETYKQ9;
				INFOPLIST_FILE = ClickCounter/Info.plist;
				LD_RUNPATH_SEARCH_PATHS = (
					"$(inherited)",
					"@executable_path/Frameworks",
				);
				PRODUCT_BUNDLE_IDENTIFIER = solare.io.ClickCounter;
				PRODUCT_NAME = "$(TARGET_NAME)";
				SWIFT_VERSION = 4.0;
				TARGETED_DEVICE_FAMILY = "1,2";
			};
			name = Release;
		};
		A9A83DC02141213000327E21 /* Debug */ = {
			isa = XCBuildConfiguration;
			buildSettings = {
				ALWAYS_EMBED_SWIFT_STANDARD_LIBRARIES = YES;
				BUNDLE_LOADER = "$(TEST_HOST)";
				CODE_SIGN_STYLE = Automatic;
				DEVELOPMENT_TEAM = 4RGRETYKQ9;
				INFOPLIST_FILE = ClickCounterTests/Info.plist;
				LD_RUNPATH_SEARCH_PATHS = (
					"$(inherited)",
					"@executable_path/Frameworks",
					"@loader_path/Frameworks",
				);
				PRODUCT_BUNDLE_IDENTIFIER = solare.io.ClickCounterTests;
				PRODUCT_NAME = "$(TARGET_NAME)";
				SWIFT_VERSION = 4.0;
				TARGETED_DEVICE_FAMILY = "1,2";
				TEST_HOST = "$(BUILT_PRODUCTS_DIR)/ClickCounter.app/ClickCounter";
			};
			name = Debug;
		};
		A9A83DC12141213000327E21 /* Release */ = {
			isa = XCBuildConfiguration;
			buildSettings = {
				ALWAYS_EMBED_SWIFT_STANDARD_LIBRARIES = YES;
				BUNDLE_LOADER = "$(TEST_HOST)";
				CODE_SIGN_STYLE = Automatic;
				DEVELOPMENT_TEAM = 4RGRETYKQ9;
				INFOPLIST_FILE = ClickCounterTests/Info.plist;
				LD_RUNPATH_SEARCH_PATHS = (
					"$(inherited)",
					"@executable_path/Frameworks",
					"@loader_path/Frameworks",
				);
				PRODUCT_BUNDLE_IDENTIFIER = solare.io.ClickCounterTests;
				PRODUCT_NAME = "$(TARGET_NAME)";
				SWIFT_VERSION = 4.0;
				TARGETED_DEVICE_FAMILY = "1,2";
				TEST_HOST = "$(BUILT_PRODUCTS_DIR)/ClickCounter.app/ClickCounter";
			};
			name = Release;
		};
		A9A83DC32141213000327E21 /* Debug */ = {
			isa = XCBuildConfiguration;
			buildSettings = {
				ALWAYS_EMBED_SWIFT_STANDARD_LIBRARIES = YES;
				CODE_SIGN_STYLE = Automatic;
				DEVELOPMENT_TEAM = 4RGRETYKQ9;
				INFOPLIST_FILE = ClickCounterUITests/Info.plist;
				LD_RUNPATH_SEARCH_PATHS = (
					"$(inherited)",
					"@executable_path/Frameworks",
					"@loader_path/Frameworks",
				);
				PRODUCT_BUNDLE_IDENTIFIER = solare.io.ClickCounterUITests;
				PRODUCT_NAME = "$(TARGET_NAME)";
				SWIFT_VERSION = 4.0;
				TARGETED_DEVICE_FAMILY = "1,2";
				TEST_TARGET_NAME = ClickCounter;
			};
			name = Debug;
		};
		A9A83DC42141213000327E21 /* Release */ = {
			isa = XCBuildConfiguration;
			buildSettings = {
				ALWAYS_EMBED_SWIFT_STANDARD_LIBRARIES = YES;
				CODE_SIGN_STYLE = Automatic;
				DEVELOPMENT_TEAM = 4RGRETYKQ9;
				INFOPLIST_FILE = ClickCounterUITests/Info.plist;
				LD_RUNPATH_SEARCH_PATHS = (
					"$(inherited)",
					"@executable_path/Frameworks",
					"@loader_path/Frameworks",
				);
				PRODUCT_BUNDLE_IDENTIFIER = solare.io.ClickCounterUITests;
				PRODUCT_NAME = "$(TARGET_NAME)";
				SWIFT_VERSION = 4.0;
				TARGETED_DEVICE_FAMILY = "1,2";
				TEST_TARGET_NAME = ClickCounter;
			};
			name = Release;
		};
/* End XCBuildConfiguration section */

/* Begin XCConfigurationList section */
		A9A83D8F2141212E00327E21 /* Build configuration list for PBXProject "ClickCounter" */ = {
			isa = XCConfigurationList;
			buildConfigurations = (
				A9A83DBA2141213000327E21 /* Debug */,
				A9A83DBB2141213000327E21 /* Release */,
			);
			defaultConfigurationIsVisible = 0;
			defaultConfigurationName = Release;
		};
		A9A83DBC2141213000327E21 /* Build configuration list for PBXNativeTarget "ClickCounter" */ = {
			isa = XCConfigurationList;
			buildConfigurations = (
				A9A83DBD2141213000327E21 /* Debug */,
				A9A83DBE2141213000327E21 /* Release */,
			);
			defaultConfigurationIsVisible = 0;
			defaultConfigurationName = Release;
		};
		A9A83DBF2141213000327E21 /* Build configuration list for PBXNativeTarget "ClickCounterTests" */ = {
			isa = XCConfigurationList;
			buildConfigurations = (
				A9A83DC02141213000327E21 /* Debug */,
				A9A83DC12141213000327E21 /* Release */,
			);
			defaultConfigurationIsVisible = 0;
			defaultConfigurationName = Release;
		};
		A9A83DC22141213000327E21 /* Build configuration list for PBXNativeTarget "ClickCounterUITests" */ = {
			isa = XCConfigurationList;
			buildConfigurations = (
				A9A83DC32141213000327E21 /* Debug */,
				A9A83DC42141213000327E21 /* Release */,
			);
			defaultConfigurationIsVisible = 0;
			defaultConfigurationName = Release;
		};
/* End XCConfigurationList section */
	};
	rootObject = A9A83D8C2141212E00327E21 /* Project object */;
}
